
Microsoft Visual Studio Solution File, Format Version 12.00
# Visual Studio Version 16
VisualStudioVersion = 16.0.28922.388
MinimumVisualStudioVersion = 10.0.40219.1
Project("{FAE04EC0-301F-11D3-BF4B-00C04F79EFBC}") = "ContosoUniversity", "ContosoUniversity\ContosoUniversity.csproj", "{A50FAE59-FA09-47A9-805B-DBC79978A46E}"
EndProject
Global
	GlobalSection(SolutionConfigurationPlatforms) = preSolution
		Debug|Any CPU = Debug|Any CPU
		Release|Any CPU = Release|Any CPU
	EndGlobalSection
	GlobalSection(ProjectConfigurationPlatforms) = postSolution
		{A50FAE59-FA09-47A9-805B-DBC79978A46E}.Debug|Any CPU.ActiveCfg = Debug|Any CPU
		{A50FAE59-FA09-47A9-805B-DBC79978A46E}.Debug|Any CPU.Build.0 = Debug|Any CPU
		{A50FAE59-FA09-47A9-805B-DBC79978A46E}.Release|Any CPU.ActiveCfg = Release|Any CPU
		{A50FAE59-FA09-47A9-805B-DBC79978A46E}.Release|Any CPU.Build.0 = Release|Any CPU
	EndGlobalSection
	GlobalSection(SolutionProperties) = preSolution
		HideSolutionNode = FALSE
	EndGlobalSection
	GlobalSection(ExtensibilityGlobals) = postSolution
		SolutionGuid = {BE6B2C72-007A-42FF-A74A-A6ADC6427949}
	EndGlobalSection
EndGlobal
